
Microsoft Visual Studio Solution File, Format Version 12.00
# Visual Studio Version 17
VisualStudioVersion = 17.9.34728.123
MinimumVisualStudioVersion = 10.0.40219.1
Project("{FAE04EC0-301F-11D3-BF4B-00C04F79EFBC}") = "WpfDynamicApp", "WpfDynamicApp\WpfDynamicApp.csproj", "{BD242EDC-623E-43BC-9200-B354C9E9DC90}"
EndProject
Global
	GlobalSection(SolutionConfigurationPlatforms) = preSolution
		Debug|Any CPU = Debug|Any CPU
		Release|Any CPU = Release|Any CPU
	EndGlobalSection
	GlobalSection(ProjectConfigurationPlatforms) = postSolution
		{BD242EDC-623E-43BC-9200-B354C9E9DC90}.Debug|Any CPU.ActiveCfg = Debug|Any CPU
		{BD242EDC-623E-43BC-9200-B354C9E9DC90}.Debug|Any CPU.Build.0 = Debug|Any CPU
		{BD242EDC-623E-43BC-9200-B354C9E9DC90}.Release|Any CPU.ActiveCfg = Release|Any CPU
		{BD242EDC-623E-43BC-9200-B354C9E9DC90}.Release|Any CPU.Build.0 = Release|Any CPU
	EndGlobalSection
	GlobalSection(SolutionProperties) = preSolution
		HideSolutionNode = FALSE
	EndGlobalSection
	GlobalSection(ExtensibilityGlobals) = postSolution
		SolutionGuid = {534BBC86-034F-417E-AD0F-2B4615165B84}
	EndGlobalSection
EndGlobal
